
Microsoft Visual Studio Solution File, Format Version 12.00
# Visual Studio Version 17
VisualStudioVersion = 17.14.36414.22
MinimumVisualStudioVersion = 10.0.40219.1
Project("{8BC9CEB8-8B4A-11D0-8D11-00A0C91BC942}") = "Sandbox", "Sandbox\Sandbox.vcxproj", "{0D3C783A-6FC4-4006-898B-0E8A5722264F}"
EndProject
Project("{8BC9CEB8-8B4A-11D0-8D11-00A0C91BC942}") = "Wind", "Wind\Wind.vcxproj", "{6996B703-5895-4FA9-BBEB-1E2985A903F8}"
EndProject
Global
	GlobalSection(SolutionConfigurationPlatforms) = preSolution
		Debug|x64 = Debug|x64
		Release|x64 = Release|x64
	EndGlobalSection
	GlobalSection(ProjectConfigurationPlatforms) = postSolution
		{0D3C783A-6FC4-4006-898B-0E8A5722264F}.Debug|x64.ActiveCfg = Debug|x64
		{0D3C783A-6FC4-4006-898B-0E8A5722264F}.Debug|x64.Build.0 = Debug|x64
		{0D3C783A-6FC4-4006-898B-0E8A5722264F}.Release|x64.ActiveCfg = Release|x64
		{0D3C783A-6FC4-4006-898B-0E8A5722264F}.Release|x64.Build.0 = Release|x64
		{6996B703-5895-4FA9-BBEB-1E2985A903F8}.Debug|x64.ActiveCfg = Debug|x64
		{6996B703-5895-4FA9-BBEB-1E2985A903F8}.Debug|x64.Build.0 = Debug|x64
		{6996B703-5895-4FA9-BBEB-1E2985A903F8}.Release|x64.ActiveCfg = Release|x64
		{6996B703-5895-4FA9-BBEB-1E2985A903F8}.Release|x64.Build.0 = Release|x64
	EndGlobalSection
	GlobalSection(SolutionProperties) = preSolution
		HideSolutionNode = FALSE
	EndGlobalSection
	GlobalSection(ExtensibilityGlobals) = postSolution
		SolutionGuid = {37F71E1B-D026-451C-A7E0-4DE5DB1387E4}
	EndGlobalSection
EndGlobal
