<?xml version="1.0" encoding="utf-8"?>
<Project ToolsVersion="4.0" xmlns="http://schemas.microsoft.com/developer/msbuild/2003">
  <ItemGroup>
    <Filter Include="Platform">
      <UniqueIdentifier>{2AC788B4-1694-E3BF-3FAD-D1672BD9184E}</UniqueIdentifier>
    </Filter>
    <Filter Include="Platform\Windows">
      <UniqueIdentifier>{64FBD71A-50F4-F66C-7926-DCF1657ED678}</UniqueIdentifier>
    </Filter>
    <Filter Include="Wind">
      <UniqueIdentifier>{B7918E7C-A3C8-8F0D-4CB5-751038CB0B0F}</UniqueIdentifier>
    </Filter>
    <Filter Include="Wind\Events">
      <UniqueIdentifier>{BB49E608-27FF-5EFE-B0F3-58D51CA85502}</UniqueIdentifier>
    </Filter>
  </ItemGroup>
  <ItemGroup>
    <ClInclude Include="src\Platform\Windows\WindowsWindow.h">
      <Filter>Platform\Windows</Filter>
    </ClInclude>
    <ClInclude Include="src\Wind.h" />
    <ClInclude Include="src\Wind\Application.h">
      <Filter>Wind</Filter>
    </ClInclude>
    <ClInclude Include="src\Wind\Core.h">
      <Filter>Wind</Filter>
    </ClInclude>
    <ClInclude Include="src\Wind\EntryPoint.h">
      <Filter>Wind</Filter>
    </ClInclude>
    <ClInclude Include="src\Wind\Events\ApplicationEvent.h">
      <Filter>Wind\Events</Filter>
    </ClInclude>
    <ClInclude Include="src\Wind\Events\Event.h">
      <Filter>Wind\Events</Filter>
    </ClInclude>
    <ClInclude Include="src\Wind\Events\KeyEvent.h">
      <Filter>Wind\Events</Filter>
    </ClInclude>
    <ClInclude Include="src\Wind\Events\MouseEvent.h">
      <Filter>Wind\Events</Filter>
    </ClInclude>
    <ClInclude Include="src\Wind\Log.h">
      <Filter>Wind</Filter>
    </ClInclude>
    <ClInclude Include="src\Wind\Window.h">
      <Filter>Wind</Filter>
    </ClInclude>
    <ClInclude Include="src\wdpch.h" />
  </ItemGroup>
  <ItemGroup>
    <ClCompile Include="src\Platform\Windows\WindowsWindow.cpp">
      <Filter>Platform\Windows</Filter>
    </ClCompile>
    <ClCompile Include="src\Wind\Application.cpp">
      <Filter>Wind</Filter>
    </ClCompile>
    <ClCompile Include="src\Wind\Log.cpp">
      <Filter>Wind</Filter>
    </ClCompile>
    <ClCompile Include="src\wdpch.cpp" />
  </ItemGroup>
</Project>